
Microsoft Visual Studio Solution File, Format Version 12.00
# Visual Studio Version 17
VisualStudioVersion = 17.13.35919.96 d17.13
MinimumVisualStudioVersion = 10.0.40219.1
Project("{FAE04EC0-301F-11D3-BF4B-00C04F79EFBC}") = "EjemploAPI", "EjemploAPI\EjemploAPI.csproj", "{B0EE0233-93C2-4342-8855-3047547BC3A2}"
EndProject
Global
	GlobalSection(SolutionConfigurationPlatforms) = preSolution
		Debug|Any CPU = Debug|Any CPU
		Release|Any CPU = Release|Any CPU
	EndGlobalSection
	GlobalSection(ProjectConfigurationPlatforms) = postSolution
		{B0EE0233-93C2-4342-8855-3047547BC3A2}.Debug|Any CPU.ActiveCfg = Debug|Any CPU
		{B0EE0233-93C2-4342-8855-3047547BC3A2}.Debug|Any CPU.Build.0 = Debug|Any CPU
		{B0EE0233-93C2-4342-8855-3047547BC3A2}.Release|Any CPU.ActiveCfg = Release|Any CPU
		{B0EE0233-93C2-4342-8855-3047547BC3A2}.Release|Any CPU.Build.0 = Release|Any CPU
	EndGlobalSection
	GlobalSection(SolutionProperties) = preSolution
		HideSolutionNode = FALSE
	EndGlobalSection
	GlobalSection(ExtensibilityGlobals) = postSolution
		SolutionGuid = {54D0487F-6F5A-47BD-85B6-1A0890B3C21F}
	EndGlobalSection
EndGlobal
